
Microsoft Visual Studio Solution File, Format Version 12.00
# Visual Studio Version 16
VisualStudioVersion = 16.0.28803.452
MinimumVisualStudioVersion = 10.0.40219.1
Project("{FAE04EC0-301F-11D3-BF4B-00C04F79EFBC}") = "mileage", "mileage\mileage.csproj", "{F51128FD-3979-4A29-97F2-3E138C21688A}"
EndProject
Global
	GlobalSection(SolutionConfigurationPlatforms) = preSolution
		Debug|Any CPU = Debug|Any CPU
		Release|Any CPU = Release|Any CPU
	EndGlobalSection
	GlobalSection(ProjectConfigurationPlatforms) = postSolution
		{F51128FD-3979-4A29-97F2-3E138C21688A}.Debug|Any CPU.ActiveCfg = Debug|Any CPU
		{F51128FD-3979-4A29-97F2-3E138C21688A}.Debug|Any CPU.Build.0 = Debug|Any CPU
		{F51128FD-3979-4A29-97F2-3E138C21688A}.Release|Any CPU.ActiveCfg = Release|Any CPU
		{F51128FD-3979-4A29-97F2-3E138C21688A}.Release|Any CPU.Build.0 = Release|Any CPU
	EndGlobalSection
	GlobalSection(SolutionProperties) = preSolution
		HideSolutionNode = FALSE
	EndGlobalSection
	GlobalSection(ExtensibilityGlobals) = postSolution
		SolutionGuid = {9119C37F-EB4D-4CBB-8700-56E1D1DCFC76}
	EndGlobalSection
EndGlobal
