
Microsoft Visual Studio Solution File, Format Version 12.00
# Visual Studio Version 16
VisualStudioVersion = 16.0.28803.452
MinimumVisualStudioVersion = 10.0.40219.1
Project("{FAE04EC0-301F-11D3-BF4B-00C04F79EFBC}") = "product", "product\product.csproj", "{7D29CE8F-D65A-4B25-B83E-5DA993A35BF5}"
EndProject
Global
	GlobalSection(SolutionConfigurationPlatforms) = preSolution
		Debug|Any CPU = Debug|Any CPU
		Release|Any CPU = Release|Any CPU
	EndGlobalSection
	GlobalSection(ProjectConfigurationPlatforms) = postSolution
		{7D29CE8F-D65A-4B25-B83E-5DA993A35BF5}.Debug|Any CPU.ActiveCfg = Debug|Any CPU
		{7D29CE8F-D65A-4B25-B83E-5DA993A35BF5}.Debug|Any CPU.Build.0 = Debug|Any CPU
		{7D29CE8F-D65A-4B25-B83E-5DA993A35BF5}.Release|Any CPU.ActiveCfg = Release|Any CPU
		{7D29CE8F-D65A-4B25-B83E-5DA993A35BF5}.Release|Any CPU.Build.0 = Release|Any CPU
	EndGlobalSection
	GlobalSection(SolutionProperties) = preSolution
		HideSolutionNode = FALSE
	EndGlobalSection
	GlobalSection(ExtensibilityGlobals) = postSolution
		SolutionGuid = {5E238EBD-EF52-49C1-BFF1-F55ED83FEF5A}
	EndGlobalSection
EndGlobal
