
Microsoft Visual Studio Solution File, Format Version 12.00
# Visual Studio Version 16
VisualStudioVersion = 16.0.28803.452
MinimumVisualStudioVersion = 10.0.40219.1
Project("{FAE04EC0-301F-11D3-BF4B-00C04F79EFBC}") = "Iteration", "Iteration\Iteration.csproj", "{4769C7A6-80D3-4C5F-969D-ABD39B01433C}"
EndProject
Global
	GlobalSection(SolutionConfigurationPlatforms) = preSolution
		Debug|Any CPU = Debug|Any CPU
		Release|Any CPU = Release|Any CPU
	EndGlobalSection
	GlobalSection(ProjectConfigurationPlatforms) = postSolution
		{4769C7A6-80D3-4C5F-969D-ABD39B01433C}.Debug|Any CPU.ActiveCfg = Debug|Any CPU
		{4769C7A6-80D3-4C5F-969D-ABD39B01433C}.Debug|Any CPU.Build.0 = Debug|Any CPU
		{4769C7A6-80D3-4C5F-969D-ABD39B01433C}.Release|Any CPU.ActiveCfg = Release|Any CPU
		{4769C7A6-80D3-4C5F-969D-ABD39B01433C}.Release|Any CPU.Build.0 = Release|Any CPU
	EndGlobalSection
	GlobalSection(SolutionProperties) = preSolution
		HideSolutionNode = FALSE
	EndGlobalSection
	GlobalSection(ExtensibilityGlobals) = postSolution
		SolutionGuid = {87EE4096-B4EE-477C-81D1-79A4D3846DBC}
	EndGlobalSection
EndGlobal
